
Microsoft Visual Studio Solution File, Format Version 12.00
# Visual Studio Version 16
VisualStudioVersion = 16.0.30320.27
MinimumVisualStudioVersion = 10.0.40219.1
Project("{9A19103F-16F7-4668-BE54-9A1E7A4F7556}") = "credential", "core\credential.csproj", "{0C38B9BA-818D-4FFA-BB38-F54167D66471}"
EndProject
Project("{9A19103F-16F7-4668-BE54-9A1E7A4F7556}") = "tests", "tests\tests.csproj", "{8C5612FF-B3DA-4433-957A-13A6690CB004}"
EndProject
Global
	GlobalSection(SolutionConfigurationPlatforms) = preSolution
		Debug|Any CPU = Debug|Any CPU
		Release|Any CPU = Release|Any CPU
	EndGlobalSection
	GlobalSection(ProjectConfigurationPlatforms) = postSolution
		{0C38B9BA-818D-4FFA-BB38-F54167D66471}.Debug|Any CPU.ActiveCfg = Debug|Any CPU
		{0C38B9BA-818D-4FFA-BB38-F54167D66471}.Debug|Any CPU.Build.0 = Debug|Any CPU
		{0C38B9BA-818D-4FFA-BB38-F54167D66471}.Release|Any CPU.ActiveCfg = Release|Any CPU
		{0C38B9BA-818D-4FFA-BB38-F54167D66471}.Release|Any CPU.Build.0 = Release|Any CPU
		{8C5612FF-B3DA-4433-957A-13A6690CB004}.Debug|Any CPU.ActiveCfg = Debug|Any CPU
		{8C5612FF-B3DA-4433-957A-13A6690CB004}.Debug|Any CPU.Build.0 = Debug|Any CPU
		{8C5612FF-B3DA-4433-957A-13A6690CB004}.Release|Any CPU.ActiveCfg = Release|Any CPU
		{8C5612FF-B3DA-4433-957A-13A6690CB004}.Release|Any CPU.Build.0 = Release|Any CPU
	EndGlobalSection
	GlobalSection(SolutionProperties) = preSolution
		HideSolutionNode = FALSE
	EndGlobalSection
	GlobalSection(ExtensibilityGlobals) = postSolution
		SolutionGuid = {7416C097-7198-4FAF-B795-13305CA45E44}
	EndGlobalSection
EndGlobal
